
Microsoft Visual Studio Solution File, Format Version 12.00
# Visual Studio Version 17
VisualStudioVersion = 17.11.35327.3
MinimumVisualStudioVersion = 10.0.40219.1
Project("{FAE04EC0-301F-11D3-BF4B-00C04F79EFBC}") = "FtoC", "FtoC\FtoC.csproj", "{939D4CA3-D772-46F3-9149-311D2C0270F1}"
EndProject
Project("{FAE04EC0-301F-11D3-BF4B-00C04F79EFBC}") = "StudentGrading", "StudentGrading\StudentGrading.csproj", "{2898821C-EF7C-4DD1-ACE5-D8C5871B103E}"
EndProject
Project("{FAE04EC0-301F-11D3-BF4B-00C04F79EFBC}") = "FinalGPA", "FinalGPA\FinalGPA.csproj", "{1065A4B3-FAC6-4120-8C18-D07C74AE77B8}"
EndProject
Project("{FAE04EC0-301F-11D3-BF4B-00C04F79EFBC}") = "ScratchPad", "ScratchPad\ScratchPad.csproj", "{ECEE39BE-FD33-46F2-8761-BA892716DE08}"
EndProject
Project("{FAE04EC0-301F-11D3-BF4B-00C04F79EFBC}") = "Part2", "Part2\Part2.csproj", "{AF6E59D9-1018-4E6B-BC1C-6447B824E8DC}"
EndProject
Project("{FAE04EC0-301F-11D3-BF4B-00C04F79EFBC}") = "DemoBlazor", "DemoBlazor\DemoBlazor.csproj", "{C4B87F41-7CCC-4236-96F6-5E0EE6077E01}"
EndProject
Global
	GlobalSection(SolutionConfigurationPlatforms) = preSolution
		Debug|Any CPU = Debug|Any CPU
		Release|Any CPU = Release|Any CPU
	EndGlobalSection
	GlobalSection(ProjectConfigurationPlatforms) = postSolution
		{939D4CA3-D772-46F3-9149-311D2C0270F1}.Debug|Any CPU.ActiveCfg = Debug|Any CPU
		{939D4CA3-D772-46F3-9149-311D2C0270F1}.Debug|Any CPU.Build.0 = Debug|Any CPU
		{939D4CA3-D772-46F3-9149-311D2C0270F1}.Release|Any CPU.ActiveCfg = Release|Any CPU
		{939D4CA3-D772-46F3-9149-311D2C0270F1}.Release|Any CPU.Build.0 = Release|Any CPU
		{2898821C-EF7C-4DD1-ACE5-D8C5871B103E}.Debug|Any CPU.ActiveCfg = Debug|Any CPU
		{2898821C-EF7C-4DD1-ACE5-D8C5871B103E}.Debug|Any CPU.Build.0 = Debug|Any CPU
		{2898821C-EF7C-4DD1-ACE5-D8C5871B103E}.Release|Any CPU.ActiveCfg = Release|Any CPU
		{2898821C-EF7C-4DD1-ACE5-D8C5871B103E}.Release|Any CPU.Build.0 = Release|Any CPU
		{1065A4B3-FAC6-4120-8C18-D07C74AE77B8}.Debug|Any CPU.ActiveCfg = Debug|Any CPU
		{1065A4B3-FAC6-4120-8C18-D07C74AE77B8}.Debug|Any CPU.Build.0 = Debug|Any CPU
		{1065A4B3-FAC6-4120-8C18-D07C74AE77B8}.Release|Any CPU.ActiveCfg = Release|Any CPU
		{1065A4B3-FAC6-4120-8C18-D07C74AE77B8}.Release|Any CPU.Build.0 = Release|Any CPU
		{ECEE39BE-FD33-46F2-8761-BA892716DE08}.Debug|Any CPU.ActiveCfg = Debug|Any CPU
		{ECEE39BE-FD33-46F2-8761-BA892716DE08}.Debug|Any CPU.Build.0 = Debug|Any CPU
		{ECEE39BE-FD33-46F2-8761-BA892716DE08}.Release|Any CPU.ActiveCfg = Release|Any CPU
		{ECEE39BE-FD33-46F2-8761-BA892716DE08}.Release|Any CPU.Build.0 = Release|Any CPU
		{AF6E59D9-1018-4E6B-BC1C-6447B824E8DC}.Debug|Any CPU.ActiveCfg = Debug|Any CPU
		{AF6E59D9-1018-4E6B-BC1C-6447B824E8DC}.Debug|Any CPU.Build.0 = Debug|Any CPU
		{AF6E59D9-1018-4E6B-BC1C-6447B824E8DC}.Release|Any CPU.ActiveCfg = Release|Any CPU
		{AF6E59D9-1018-4E6B-BC1C-6447B824E8DC}.Release|Any CPU.Build.0 = Release|Any CPU
		{C4B87F41-7CCC-4236-96F6-5E0EE6077E01}.Debug|Any CPU.ActiveCfg = Debug|Any CPU
		{C4B87F41-7CCC-4236-96F6-5E0EE6077E01}.Debug|Any CPU.Build.0 = Debug|Any CPU
		{C4B87F41-7CCC-4236-96F6-5E0EE6077E01}.Release|Any CPU.ActiveCfg = Release|Any CPU
		{C4B87F41-7CCC-4236-96F6-5E0EE6077E01}.Release|Any CPU.Build.0 = Release|Any CPU
	EndGlobalSection
	GlobalSection(SolutionProperties) = preSolution
		HideSolutionNode = FALSE
	EndGlobalSection
	GlobalSection(ExtensibilityGlobals) = postSolution
		SolutionGuid = {0A71BBFF-A350-49D2-AA00-445DB639DD95}
	EndGlobalSection
EndGlobal
