
Microsoft Visual Studio Solution File, Format Version 12.00
# Visual Studio Version 17
VisualStudioVersion = 17.12.35707.178
MinimumVisualStudioVersion = 10.0.40219.1
Project("{FAE04EC0-301F-11D3-BF4B-00C04F79EFBC}") = "GetStartedApp", "GetStartedApp\GetStartedApp.csproj", "{E5A19A45-EAE6-4D7D-9D6E-33CFA0A73D71}"
EndProject
Project("{FAE04EC0-301F-11D3-BF4B-00C04F79EFBC}") = "GetStartedApp.Android", "GetStartedApp.Android\GetStartedApp.Android.csproj", "{2A996502-FD38-4531-9173-55A046DF60E3}"
EndProject
Project("{FAE04EC0-301F-11D3-BF4B-00C04F79EFBC}") = "GetStartedApp.Browser", "GetStartedApp.Browser\GetStartedApp.Browser.csproj", "{DE0821FB-F1AB-4CD4-8C43-62AA6A475F2B}"
EndProject
Project("{FAE04EC0-301F-11D3-BF4B-00C04F79EFBC}") = "GetStartedApp.Desktop", "GetStartedApp.Desktop\GetStartedApp.Desktop.csproj", "{A25FFD62-390B-43E3-845C-B70072C2550C}"
EndProject
Project("{FAE04EC0-301F-11D3-BF4B-00C04F79EFBC}") = "GetStartedApp.iOS", "GetStartedApp.iOS\GetStartedApp.iOS.csproj", "{D1F1D6A6-DA54-45EE-8A73-C0ED5FE07B34}"
EndProject
Project("{FAE04EC0-301F-11D3-BF4B-00C04F79EFBC}") = "TodoApp", "TodoApp\TodoApp.csproj", "{286A9F35-5735-4B5C-AC66-5D403F84C2E4}"
EndProject
Project("{2150E333-8FDC-42A3-9474-1A3956D46DE8}") = "MVVM", "MVVM", "{8F7CBFCA-C033-46FE-9CD6-7AAF2DD79017}"
EndProject
Project("{FAE04EC0-301F-11D3-BF4B-00C04F79EFBC}") = "BasicMVVM1", "BasicMVVM1\BasicMVVM1.csproj", "{F329F504-F435-4613-9C8B-6F3DC20EDA71}"
EndProject
Project("{FAE04EC0-301F-11D3-BF4B-00C04F79EFBC}") = "BasicMVVM1.Browser", "BasicMVVM1.Browser\BasicMVVM1.Browser.csproj", "{0A66F872-F5AD-4572-9B72-3BA670A21CC6}"
EndProject
Project("{FAE04EC0-301F-11D3-BF4B-00C04F79EFBC}") = "BasicMVVM1.Desktop", "BasicMVVM1.Desktop\BasicMVVM1.Desktop.csproj", "{C52727CF-8455-4694-B591-EFBA609725BC}"
EndProject
Project("{FAE04EC0-301F-11D3-BF4B-00C04F79EFBC}") = "BasicMVVM2", "BasicMVVM2\BasicMVVM2.csproj", "{6CA77278-2A19-48F0-9697-A8CFE0B9D5C6}"
EndProject
Project("{FAE04EC0-301F-11D3-BF4B-00C04F79EFBC}") = "BasicMVVM2.Desktop", "BasicMVVM2.Desktop\BasicMVVM2.Desktop.csproj", "{19822B5F-61A5-44D8-9B5A-A6B153AA6800}"
EndProject
Project("{2150E333-8FDC-42A3-9474-1A3956D46DE8}") = "ServiceBusDemo", "ServiceBusDemo", "{8539C89E-D4C3-46BA-9334-E9854304F8CD}"
EndProject
Project("{FAE04EC0-301F-11D3-BF4B-00C04F79EFBC}") = "ServiceBusQueueSendReceive", "ServiceBusQueueSendReceive\ServiceBusQueueSendReceive.csproj", "{659F3E83-6449-4492-BAE5-494673041A0C}"
EndProject
Project("{FAE04EC0-301F-11D3-BF4B-00C04F79EFBC}") = "ServiceBusQueueSendReceive.Android", "ServiceBusQueueSendReceive.Android\ServiceBusQueueSendReceive.Android.csproj", "{F2A72E55-454E-4E0C-A087-67555477A651}"
EndProject
Project("{FAE04EC0-301F-11D3-BF4B-00C04F79EFBC}") = "ServiceBusQueueSendReceive.Desktop", "ServiceBusQueueSendReceive.Desktop\ServiceBusQueueSendReceive.Desktop.csproj", "{D6F6BDC3-AFE5-4CB7-9490-62F3568C6500}"
EndProject
Project("{FAE04EC0-301F-11D3-BF4B-00C04F79EFBC}") = "TopicAndSubscription", "TopicAndSubscription\TopicAndSubscription.csproj", "{2B56A730-9AB3-4EDA-845D-D04A53C34F7F}"
EndProject
Project("{FAE04EC0-301F-11D3-BF4B-00C04F79EFBC}") = "TopicAndSubscription.Browser", "TopicAndSubscription.Browser\TopicAndSubscription.Browser.csproj", "{72F9FBFE-0519-4008-A4E4-B2AE10D9359D}"
EndProject
Project("{FAE04EC0-301F-11D3-BF4B-00C04F79EFBC}") = "TopicAndSubscription.Desktop", "TopicAndSubscription.Desktop\TopicAndSubscription.Desktop.csproj", "{8A9C4032-1CC8-44C7-8C79-82A0D27DBA71}"
EndProject
Global
	GlobalSection(SolutionConfigurationPlatforms) = preSolution
		Debug|Any CPU = Debug|Any CPU
		Release|Any CPU = Release|Any CPU
	EndGlobalSection
	GlobalSection(ProjectConfigurationPlatforms) = postSolution
		{E5A19A45-EAE6-4D7D-9D6E-33CFA0A73D71}.Debug|Any CPU.ActiveCfg = Debug|Any CPU
		{E5A19A45-EAE6-4D7D-9D6E-33CFA0A73D71}.Debug|Any CPU.Build.0 = Debug|Any CPU
		{E5A19A45-EAE6-4D7D-9D6E-33CFA0A73D71}.Release|Any CPU.ActiveCfg = Release|Any CPU
		{E5A19A45-EAE6-4D7D-9D6E-33CFA0A73D71}.Release|Any CPU.Build.0 = Release|Any CPU
		{2A996502-FD38-4531-9173-55A046DF60E3}.Debug|Any CPU.ActiveCfg = Debug|Any CPU
		{2A996502-FD38-4531-9173-55A046DF60E3}.Debug|Any CPU.Build.0 = Debug|Any CPU
		{2A996502-FD38-4531-9173-55A046DF60E3}.Debug|Any CPU.Deploy.0 = Debug|Any CPU
		{2A996502-FD38-4531-9173-55A046DF60E3}.Release|Any CPU.ActiveCfg = Release|Any CPU
		{2A996502-FD38-4531-9173-55A046DF60E3}.Release|Any CPU.Build.0 = Release|Any CPU
		{2A996502-FD38-4531-9173-55A046DF60E3}.Release|Any CPU.Deploy.0 = Release|Any CPU
		{DE0821FB-F1AB-4CD4-8C43-62AA6A475F2B}.Debug|Any CPU.ActiveCfg = Debug|Any CPU
		{DE0821FB-F1AB-4CD4-8C43-62AA6A475F2B}.Debug|Any CPU.Build.0 = Debug|Any CPU
		{DE0821FB-F1AB-4CD4-8C43-62AA6A475F2B}.Release|Any CPU.ActiveCfg = Release|Any CPU
		{DE0821FB-F1AB-4CD4-8C43-62AA6A475F2B}.Release|Any CPU.Build.0 = Release|Any CPU
		{A25FFD62-390B-43E3-845C-B70072C2550C}.Debug|Any CPU.ActiveCfg = Debug|Any CPU
		{A25FFD62-390B-43E3-845C-B70072C2550C}.Debug|Any CPU.Build.0 = Debug|Any CPU
		{A25FFD62-390B-43E3-845C-B70072C2550C}.Release|Any CPU.ActiveCfg = Release|Any CPU
		{A25FFD62-390B-43E3-845C-B70072C2550C}.Release|Any CPU.Build.0 = Release|Any CPU
		{D1F1D6A6-DA54-45EE-8A73-C0ED5FE07B34}.Debug|Any CPU.ActiveCfg = Debug|Any CPU
		{D1F1D6A6-DA54-45EE-8A73-C0ED5FE07B34}.Debug|Any CPU.Build.0 = Debug|Any CPU
		{D1F1D6A6-DA54-45EE-8A73-C0ED5FE07B34}.Debug|Any CPU.Deploy.0 = Debug|Any CPU
		{D1F1D6A6-DA54-45EE-8A73-C0ED5FE07B34}.Release|Any CPU.ActiveCfg = Release|Any CPU
		{D1F1D6A6-DA54-45EE-8A73-C0ED5FE07B34}.Release|Any CPU.Build.0 = Release|Any CPU
		{D1F1D6A6-DA54-45EE-8A73-C0ED5FE07B34}.Release|Any CPU.Deploy.0 = Release|Any CPU
		{286A9F35-5735-4B5C-AC66-5D403F84C2E4}.Debug|Any CPU.ActiveCfg = Debug|Any CPU
		{286A9F35-5735-4B5C-AC66-5D403F84C2E4}.Debug|Any CPU.Build.0 = Debug|Any CPU
		{286A9F35-5735-4B5C-AC66-5D403F84C2E4}.Release|Any CPU.ActiveCfg = Release|Any CPU
		{286A9F35-5735-4B5C-AC66-5D403F84C2E4}.Release|Any CPU.Build.0 = Release|Any CPU
		{F329F504-F435-4613-9C8B-6F3DC20EDA71}.Debug|Any CPU.ActiveCfg = Debug|Any CPU
		{F329F504-F435-4613-9C8B-6F3DC20EDA71}.Debug|Any CPU.Build.0 = Debug|Any CPU
		{F329F504-F435-4613-9C8B-6F3DC20EDA71}.Release|Any CPU.ActiveCfg = Release|Any CPU
		{F329F504-F435-4613-9C8B-6F3DC20EDA71}.Release|Any CPU.Build.0 = Release|Any CPU
		{0A66F872-F5AD-4572-9B72-3BA670A21CC6}.Debug|Any CPU.ActiveCfg = Debug|Any CPU
		{0A66F872-F5AD-4572-9B72-3BA670A21CC6}.Debug|Any CPU.Build.0 = Debug|Any CPU
		{0A66F872-F5AD-4572-9B72-3BA670A21CC6}.Release|Any CPU.ActiveCfg = Release|Any CPU
		{0A66F872-F5AD-4572-9B72-3BA670A21CC6}.Release|Any CPU.Build.0 = Release|Any CPU
		{C52727CF-8455-4694-B591-EFBA609725BC}.Debug|Any CPU.ActiveCfg = Debug|Any CPU
		{C52727CF-8455-4694-B591-EFBA609725BC}.Debug|Any CPU.Build.0 = Debug|Any CPU
		{C52727CF-8455-4694-B591-EFBA609725BC}.Release|Any CPU.ActiveCfg = Release|Any CPU
		{C52727CF-8455-4694-B591-EFBA609725BC}.Release|Any CPU.Build.0 = Release|Any CPU
		{6CA77278-2A19-48F0-9697-A8CFE0B9D5C6}.Debug|Any CPU.ActiveCfg = Debug|Any CPU
		{6CA77278-2A19-48F0-9697-A8CFE0B9D5C6}.Debug|Any CPU.Build.0 = Debug|Any CPU
		{6CA77278-2A19-48F0-9697-A8CFE0B9D5C6}.Release|Any CPU.ActiveCfg = Release|Any CPU
		{6CA77278-2A19-48F0-9697-A8CFE0B9D5C6}.Release|Any CPU.Build.0 = Release|Any CPU
		{19822B5F-61A5-44D8-9B5A-A6B153AA6800}.Debug|Any CPU.ActiveCfg = Debug|Any CPU
		{19822B5F-61A5-44D8-9B5A-A6B153AA6800}.Debug|Any CPU.Build.0 = Debug|Any CPU
		{19822B5F-61A5-44D8-9B5A-A6B153AA6800}.Release|Any CPU.ActiveCfg = Release|Any CPU
		{19822B5F-61A5-44D8-9B5A-A6B153AA6800}.Release|Any CPU.Build.0 = Release|Any CPU
		{659F3E83-6449-4492-BAE5-494673041A0C}.Debug|Any CPU.ActiveCfg = Debug|Any CPU
		{659F3E83-6449-4492-BAE5-494673041A0C}.Debug|Any CPU.Build.0 = Debug|Any CPU
		{659F3E83-6449-4492-BAE5-494673041A0C}.Release|Any CPU.ActiveCfg = Release|Any CPU
		{659F3E83-6449-4492-BAE5-494673041A0C}.Release|Any CPU.Build.0 = Release|Any CPU
		{F2A72E55-454E-4E0C-A087-67555477A651}.Debug|Any CPU.ActiveCfg = Debug|Any CPU
		{F2A72E55-454E-4E0C-A087-67555477A651}.Debug|Any CPU.Build.0 = Debug|Any CPU
		{F2A72E55-454E-4E0C-A087-67555477A651}.Debug|Any CPU.Deploy.0 = Debug|Any CPU
		{F2A72E55-454E-4E0C-A087-67555477A651}.Release|Any CPU.ActiveCfg = Release|Any CPU
		{F2A72E55-454E-4E0C-A087-67555477A651}.Release|Any CPU.Build.0 = Release|Any CPU
		{F2A72E55-454E-4E0C-A087-67555477A651}.Release|Any CPU.Deploy.0 = Release|Any CPU
		{D6F6BDC3-AFE5-4CB7-9490-62F3568C6500}.Debug|Any CPU.ActiveCfg = Debug|Any CPU
		{D6F6BDC3-AFE5-4CB7-9490-62F3568C6500}.Debug|Any CPU.Build.0 = Debug|Any CPU
		{D6F6BDC3-AFE5-4CB7-9490-62F3568C6500}.Release|Any CPU.ActiveCfg = Release|Any CPU
		{D6F6BDC3-AFE5-4CB7-9490-62F3568C6500}.Release|Any CPU.Build.0 = Release|Any CPU
		{2B56A730-9AB3-4EDA-845D-D04A53C34F7F}.Debug|Any CPU.ActiveCfg = Debug|Any CPU
		{2B56A730-9AB3-4EDA-845D-D04A53C34F7F}.Debug|Any CPU.Build.0 = Debug|Any CPU
		{2B56A730-9AB3-4EDA-845D-D04A53C34F7F}.Release|Any CPU.ActiveCfg = Release|Any CPU
		{2B56A730-9AB3-4EDA-845D-D04A53C34F7F}.Release|Any CPU.Build.0 = Release|Any CPU
		{72F9FBFE-0519-4008-A4E4-B2AE10D9359D}.Debug|Any CPU.ActiveCfg = Debug|Any CPU
		{72F9FBFE-0519-4008-A4E4-B2AE10D9359D}.Debug|Any CPU.Build.0 = Debug|Any CPU
		{72F9FBFE-0519-4008-A4E4-B2AE10D9359D}.Release|Any CPU.ActiveCfg = Release|Any CPU
		{72F9FBFE-0519-4008-A4E4-B2AE10D9359D}.Release|Any CPU.Build.0 = Release|Any CPU
		{8A9C4032-1CC8-44C7-8C79-82A0D27DBA71}.Debug|Any CPU.ActiveCfg = Debug|Any CPU
		{8A9C4032-1CC8-44C7-8C79-82A0D27DBA71}.Debug|Any CPU.Build.0 = Debug|Any CPU
		{8A9C4032-1CC8-44C7-8C79-82A0D27DBA71}.Release|Any CPU.ActiveCfg = Release|Any CPU
		{8A9C4032-1CC8-44C7-8C79-82A0D27DBA71}.Release|Any CPU.Build.0 = Release|Any CPU
	EndGlobalSection
	GlobalSection(SolutionProperties) = preSolution
		HideSolutionNode = FALSE
	EndGlobalSection
	GlobalSection(NestedProjects) = preSolution
		{F329F504-F435-4613-9C8B-6F3DC20EDA71} = {8F7CBFCA-C033-46FE-9CD6-7AAF2DD79017}
		{0A66F872-F5AD-4572-9B72-3BA670A21CC6} = {8F7CBFCA-C033-46FE-9CD6-7AAF2DD79017}
		{C52727CF-8455-4694-B591-EFBA609725BC} = {8F7CBFCA-C033-46FE-9CD6-7AAF2DD79017}
		{6CA77278-2A19-48F0-9697-A8CFE0B9D5C6} = {8F7CBFCA-C033-46FE-9CD6-7AAF2DD79017}
		{19822B5F-61A5-44D8-9B5A-A6B153AA6800} = {8F7CBFCA-C033-46FE-9CD6-7AAF2DD79017}
		{659F3E83-6449-4492-BAE5-494673041A0C} = {8539C89E-D4C3-46BA-9334-E9854304F8CD}
		{F2A72E55-454E-4E0C-A087-67555477A651} = {8539C89E-D4C3-46BA-9334-E9854304F8CD}
		{D6F6BDC3-AFE5-4CB7-9490-62F3568C6500} = {8539C89E-D4C3-46BA-9334-E9854304F8CD}
		{2B56A730-9AB3-4EDA-845D-D04A53C34F7F} = {8539C89E-D4C3-46BA-9334-E9854304F8CD}
		{72F9FBFE-0519-4008-A4E4-B2AE10D9359D} = {8539C89E-D4C3-46BA-9334-E9854304F8CD}
		{8A9C4032-1CC8-44C7-8C79-82A0D27DBA71} = {8539C89E-D4C3-46BA-9334-E9854304F8CD}
	EndGlobalSection
EndGlobal
