
Microsoft Visual Studio Solution File, Format Version 12.00
# Visual Studio Version 17
VisualStudioVersion = 17.12.35707.178 d17.12
MinimumVisualStudioVersion = 10.0.40219.1
Project("{FAE04EC0-301F-11D3-BF4B-00C04F79EFBC}") = "VisionEnabledChat", "VisionEnabledChat\VisionEnabledChat.csproj", "{F7AC8795-AE22-4101-8D99-C958D9AD023B}"
EndProject
Project("{FAE04EC0-301F-11D3-BF4B-00C04F79EFBC}") = "WhisperModelQuickStart", "WhisperModelQuickStart\WhisperModelQuickStart\WhisperModelQuickStart.csproj", "{96659B9B-5260-4B9D-9C56-EA0911090A40}"
EndProject
Project("{FAE04EC0-301F-11D3-BF4B-00C04F79EFBC}") = "TTSQuickStart", "TTSQuickStart\TTSQuickStart.csproj", "{0DEF2ABA-BC83-426E-BA5C-8A1B706D8E65}"
EndProject
Project("{FAE04EC0-301F-11D3-BF4B-00C04F79EFBC}") = "AOITTS", "AOITTS\AOITTS.csproj", "{3B9103A7-6F4A-4360-A5FD-0B71B39D7540}"
EndProject
Project("{FAE04EC0-301F-11D3-BF4B-00C04F79EFBC}") = "SemanticKernelAIServiceDemo", "SemanticKernelAIServiceDemo\SemanticKernelAIServiceDemo.csproj", "{68A966F2-BD6F-4DBF-BB72-C91B08B91F7B}"
EndProject
Global
	GlobalSection(SolutionConfigurationPlatforms) = preSolution
		Debug|Any CPU = Debug|Any CPU
		Release|Any CPU = Release|Any CPU
	EndGlobalSection
	GlobalSection(ProjectConfigurationPlatforms) = postSolution
		{F7AC8795-AE22-4101-8D99-C958D9AD023B}.Debug|Any CPU.ActiveCfg = Debug|Any CPU
		{F7AC8795-AE22-4101-8D99-C958D9AD023B}.Debug|Any CPU.Build.0 = Debug|Any CPU
		{F7AC8795-AE22-4101-8D99-C958D9AD023B}.Release|Any CPU.ActiveCfg = Release|Any CPU
		{F7AC8795-AE22-4101-8D99-C958D9AD023B}.Release|Any CPU.Build.0 = Release|Any CPU
		{96659B9B-5260-4B9D-9C56-EA0911090A40}.Debug|Any CPU.ActiveCfg = Debug|Any CPU
		{96659B9B-5260-4B9D-9C56-EA0911090A40}.Debug|Any CPU.Build.0 = Debug|Any CPU
		{96659B9B-5260-4B9D-9C56-EA0911090A40}.Release|Any CPU.ActiveCfg = Release|Any CPU
		{96659B9B-5260-4B9D-9C56-EA0911090A40}.Release|Any CPU.Build.0 = Release|Any CPU
		{0DEF2ABA-BC83-426E-BA5C-8A1B706D8E65}.Debug|Any CPU.ActiveCfg = Debug|Any CPU
		{0DEF2ABA-BC83-426E-BA5C-8A1B706D8E65}.Debug|Any CPU.Build.0 = Debug|Any CPU
		{0DEF2ABA-BC83-426E-BA5C-8A1B706D8E65}.Release|Any CPU.ActiveCfg = Release|Any CPU
		{0DEF2ABA-BC83-426E-BA5C-8A1B706D8E65}.Release|Any CPU.Build.0 = Release|Any CPU
		{3B9103A7-6F4A-4360-A5FD-0B71B39D7540}.Debug|Any CPU.ActiveCfg = Debug|Any CPU
		{3B9103A7-6F4A-4360-A5FD-0B71B39D7540}.Debug|Any CPU.Build.0 = Debug|Any CPU
		{3B9103A7-6F4A-4360-A5FD-0B71B39D7540}.Release|Any CPU.ActiveCfg = Release|Any CPU
		{3B9103A7-6F4A-4360-A5FD-0B71B39D7540}.Release|Any CPU.Build.0 = Release|Any CPU
		{68A966F2-BD6F-4DBF-BB72-C91B08B91F7B}.Debug|Any CPU.ActiveCfg = Debug|Any CPU
		{68A966F2-BD6F-4DBF-BB72-C91B08B91F7B}.Debug|Any CPU.Build.0 = Debug|Any CPU
		{68A966F2-BD6F-4DBF-BB72-C91B08B91F7B}.Release|Any CPU.ActiveCfg = Release|Any CPU
		{68A966F2-BD6F-4DBF-BB72-C91B08B91F7B}.Release|Any CPU.Build.0 = Release|Any CPU
	EndGlobalSection
	GlobalSection(SolutionProperties) = preSolution
		HideSolutionNode = FALSE
	EndGlobalSection
EndGlobal
