
Microsoft Visual Studio Solution File, Format Version 12.00
# Visual Studio Version 17
VisualStudioVersion = 17.11.35327.3
MinimumVisualStudioVersion = 10.0.40219.1
Project("{9A19103F-16F7-4668-BE54-9A1E7A4F7556}") = "DSA", "DSA\DSA.csproj", "{BC747F2F-BFB6-47C7-B7A0-E75AE0DE28EB}"
EndProject
Project("{9A19103F-16F7-4668-BE54-9A1E7A4F7556}") = "DSATest", "DSATest\DSATest.csproj", "{7560842C-3390-4D57-BF28-A7425F523C43}"
EndProject
Project("{9A19103F-16F7-4668-BE54-9A1E7A4F7556}") = "GenericHostDemo", "GenericHostDemo\GenericHostDemo.csproj", "{39BAB55B-16B0-4653-A53C-63182B6445CA}"
EndProject
Project("{2150E333-8FDC-42A3-9474-1A3956D46DE8}") = "Fundamentals", "Fundamentals", "{F04846A1-7B0E-47EF-B52E-0146A5340024}"
EndProject
Project("{9A19103F-16F7-4668-BE54-9A1E7A4F7556}") = "RazorPagesMovie", "RazorPagesMovie\RazorPagesMovie.csproj", "{134E9B2A-1EA6-45AB-A6FA-F9EA583CB111}"
EndProject
Project("{2150E333-8FDC-42A3-9474-1A3956D46DE8}") = "Project", "Project", "{4D7163AF-587C-4C13-93B4-4B95610D290E}"
EndProject
Project("{FAE04EC0-301F-11D3-BF4B-00C04F79EFBC}") = "CloudLinkedList", "CloudLinkedList\CloudLinkedList.csproj", "{59969B42-B3AB-48F8-98CB-D96AA1F845D3}"
EndProject
Global
	GlobalSection(SolutionConfigurationPlatforms) = preSolution
		Debug|Any CPU = Debug|Any CPU
		Release|Any CPU = Release|Any CPU
	EndGlobalSection
	GlobalSection(ProjectConfigurationPlatforms) = postSolution
		{BC747F2F-BFB6-47C7-B7A0-E75AE0DE28EB}.Debug|Any CPU.ActiveCfg = Debug|Any CPU
		{BC747F2F-BFB6-47C7-B7A0-E75AE0DE28EB}.Debug|Any CPU.Build.0 = Debug|Any CPU
		{BC747F2F-BFB6-47C7-B7A0-E75AE0DE28EB}.Release|Any CPU.ActiveCfg = Release|Any CPU
		{BC747F2F-BFB6-47C7-B7A0-E75AE0DE28EB}.Release|Any CPU.Build.0 = Release|Any CPU
		{7560842C-3390-4D57-BF28-A7425F523C43}.Debug|Any CPU.ActiveCfg = Debug|Any CPU
		{7560842C-3390-4D57-BF28-A7425F523C43}.Debug|Any CPU.Build.0 = Debug|Any CPU
		{7560842C-3390-4D57-BF28-A7425F523C43}.Release|Any CPU.ActiveCfg = Release|Any CPU
		{7560842C-3390-4D57-BF28-A7425F523C43}.Release|Any CPU.Build.0 = Release|Any CPU
		{39BAB55B-16B0-4653-A53C-63182B6445CA}.Debug|Any CPU.ActiveCfg = Debug|Any CPU
		{39BAB55B-16B0-4653-A53C-63182B6445CA}.Debug|Any CPU.Build.0 = Debug|Any CPU
		{39BAB55B-16B0-4653-A53C-63182B6445CA}.Release|Any CPU.ActiveCfg = Release|Any CPU
		{39BAB55B-16B0-4653-A53C-63182B6445CA}.Release|Any CPU.Build.0 = Release|Any CPU
		{134E9B2A-1EA6-45AB-A6FA-F9EA583CB111}.Debug|Any CPU.ActiveCfg = Debug|Any CPU
		{134E9B2A-1EA6-45AB-A6FA-F9EA583CB111}.Debug|Any CPU.Build.0 = Debug|Any CPU
		{134E9B2A-1EA6-45AB-A6FA-F9EA583CB111}.Release|Any CPU.ActiveCfg = Release|Any CPU
		{134E9B2A-1EA6-45AB-A6FA-F9EA583CB111}.Release|Any CPU.Build.0 = Release|Any CPU
		{59969B42-B3AB-48F8-98CB-D96AA1F845D3}.Debug|Any CPU.ActiveCfg = Debug|Any CPU
		{59969B42-B3AB-48F8-98CB-D96AA1F845D3}.Debug|Any CPU.Build.0 = Debug|Any CPU
		{59969B42-B3AB-48F8-98CB-D96AA1F845D3}.Release|Any CPU.ActiveCfg = Release|Any CPU
		{59969B42-B3AB-48F8-98CB-D96AA1F845D3}.Release|Any CPU.Build.0 = Release|Any CPU
	EndGlobalSection
	GlobalSection(SolutionProperties) = preSolution
		HideSolutionNode = FALSE
	EndGlobalSection
	GlobalSection(NestedProjects) = preSolution
		{39BAB55B-16B0-4653-A53C-63182B6445CA} = {F04846A1-7B0E-47EF-B52E-0146A5340024}
		{134E9B2A-1EA6-45AB-A6FA-F9EA583CB111} = {F04846A1-7B0E-47EF-B52E-0146A5340024}
		{59969B42-B3AB-48F8-98CB-D96AA1F845D3} = {4D7163AF-587C-4C13-93B4-4B95610D290E}
	EndGlobalSection
	GlobalSection(ExtensibilityGlobals) = postSolution
		SolutionGuid = {0A2D458D-C661-405A-96A2-1263B2FAA494}
	EndGlobalSection
EndGlobal
